
Microsoft Visual Studio Solution File, Format Version 12.00
# Visual Studio Version 17
VisualStudioVersion = 17.14.36623.8
MinimumVisualStudioVersion = 10.0.40219.1
Project("{FAE04EC0-301F-11D3-BF4B-00C04F79EFBC}") = "DiscordBotService", "src\DiscordBotService\DiscordBotService.csproj", "{5F2474B4-AB06-0220-8471-283C8EE51CE0}"
EndProject
Project("{FAE04EC0-301F-11D3-BF4B-00C04F79EFBC}") = "DiscordBotCommands", "src\DiscordBotCommands\DiscordBotCommands.csproj", "{C13141C7-8011-BA82-679D-57B7D280E1A2}"
EndProject
Project("{FAE04EC0-301F-11D3-BF4B-00C04F79EFBC}") = "SharedUtilities", "src\SharedUtilities\SharedUtilities.csproj", "{2282DDE1-2C0F-4FCF-956D-93F596A9E5E7}"
EndProject
Global
	GlobalSection(SolutionConfigurationPlatforms) = preSolution
		Debug|Any CPU = Debug|Any CPU
		Release|Any CPU = Release|Any CPU
	EndGlobalSection
	GlobalSection(ProjectConfigurationPlatforms) = postSolution
		{5F2474B4-AB06-0220-8471-283C8EE51CE0}.Debug|Any CPU.ActiveCfg = Debug|Any CPU
		{5F2474B4-AB06-0220-8471-283C8EE51CE0}.Debug|Any CPU.Build.0 = Debug|Any CPU
		{5F2474B4-AB06-0220-8471-283C8EE51CE0}.Release|Any CPU.ActiveCfg = Release|Any CPU
		{5F2474B4-AB06-0220-8471-283C8EE51CE0}.Release|Any CPU.Build.0 = Release|Any CPU
		{C13141C7-8011-BA82-679D-57B7D280E1A2}.Debug|Any CPU.ActiveCfg = Debug|Any CPU
		{C13141C7-8011-BA82-679D-57B7D280E1A2}.Debug|Any CPU.Build.0 = Debug|Any CPU
		{C13141C7-8011-BA82-679D-57B7D280E1A2}.Release|Any CPU.ActiveCfg = Release|Any CPU
		{C13141C7-8011-BA82-679D-57B7D280E1A2}.Release|Any CPU.Build.0 = Release|Any CPU
		{2282DDE1-2C0F-4FCF-956D-93F596A9E5E7}.Debug|Any CPU.ActiveCfg = Debug|Any CPU
		{2282DDE1-2C0F-4FCF-956D-93F596A9E5E7}.Debug|Any CPU.Build.0 = Debug|Any CPU
		{2282DDE1-2C0F-4FCF-956D-93F596A9E5E7}.Release|Any CPU.ActiveCfg = Release|Any CPU
		{2282DDE1-2C0F-4FCF-956D-93F596A9E5E7}.Release|Any CPU.Build.0 = Release|Any CPU
	EndGlobalSection
	GlobalSection(SolutionProperties) = preSolution
		HideSolutionNode = FALSE
	EndGlobalSection
	GlobalSection(ExtensibilityGlobals) = postSolution
		SolutionGuid = {75826C70-D090-4292-B586-8346C00ED772}
	EndGlobalSection
EndGlobal
