
Microsoft Visual Studio Solution File, Format Version 12.00
# Visual Studio Version 17
VisualStudioVersion = 17.14.36623.8
MinimumVisualStudioVersion = 10.0.40219.1
Project("{FAE04EC0-301F-11D3-BF4B-00C04F79EFBC}") = "SharedUtilities", "SharedUtilities\SharedUtilities.csproj", "{FC32F0B2-099F-4FE1-92A4-A805D0B7BCA6}"
EndProject
Project("{FAE04EC0-301F-11D3-BF4B-00C04F79EFBC}") = "DiscordBotService", "DiscordBotService\DiscordBotService.csproj", "{EE80AFDE-C640-4E42-82ED-4F8C588974D0}"
EndProject
Project("{FAE04EC0-301F-11D3-BF4B-00C04F79EFBC}") = "DiscordBotCommands", "DiscordBotCommands\DiscordBotCommands.csproj", "{500DB5DC-3DBA-4D6D-9060-3C512A6B4952}"
EndProject
Global
	GlobalSection(SolutionConfigurationPlatforms) = preSolution
		Debug|Any CPU = Debug|Any CPU
		Release|Any CPU = Release|Any CPU
	EndGlobalSection
	GlobalSection(ProjectConfigurationPlatforms) = postSolution
		{FC32F0B2-099F-4FE1-92A4-A805D0B7BCA6}.Debug|Any CPU.ActiveCfg = Debug|Any CPU
		{FC32F0B2-099F-4FE1-92A4-A805D0B7BCA6}.Debug|Any CPU.Build.0 = Debug|Any CPU
		{FC32F0B2-099F-4FE1-92A4-A805D0B7BCA6}.Release|Any CPU.ActiveCfg = Release|Any CPU
		{FC32F0B2-099F-4FE1-92A4-A805D0B7BCA6}.Release|Any CPU.Build.0 = Release|Any CPU
		{EE80AFDE-C640-4E42-82ED-4F8C588974D0}.Debug|Any CPU.ActiveCfg = Debug|Any CPU
		{EE80AFDE-C640-4E42-82ED-4F8C588974D0}.Debug|Any CPU.Build.0 = Debug|Any CPU
		{EE80AFDE-C640-4E42-82ED-4F8C588974D0}.Release|Any CPU.ActiveCfg = Release|Any CPU
		{EE80AFDE-C640-4E42-82ED-4F8C588974D0}.Release|Any CPU.Build.0 = Release|Any CPU
		{500DB5DC-3DBA-4D6D-9060-3C512A6B4952}.Debug|Any CPU.ActiveCfg = Debug|Any CPU
		{500DB5DC-3DBA-4D6D-9060-3C512A6B4952}.Debug|Any CPU.Build.0 = Debug|Any CPU
		{500DB5DC-3DBA-4D6D-9060-3C512A6B4952}.Release|Any CPU.ActiveCfg = Release|Any CPU
		{500DB5DC-3DBA-4D6D-9060-3C512A6B4952}.Release|Any CPU.Build.0 = Release|Any CPU
	EndGlobalSection
	GlobalSection(SolutionProperties) = preSolution
		HideSolutionNode = FALSE
	EndGlobalSection
	GlobalSection(ExtensibilityGlobals) = postSolution
		SolutionGuid = {75826C70-D090-4292-B586-8346C00ED772}
	EndGlobalSection
EndGlobal
